{
  "name": "grafbase-example-nextjs",
  "lockfileVersion": 3,
  "requires": true,
  "packages": {
    "": {
      "dependencies": {
        "grafbase": "^0.22.0"
      }
    },
    "node_modules/@grafbase/cli-aarch64-apple-darwin": {
      "version": "0.22.0",
      "resolved": "https://registry.npmjs.org/@grafbase/cli-aarch64-apple-darwin/-/cli-aarch64-apple-darwin-0.22.0.tgz",
      "integrity": "sha512-IPCDqYUSQXY36NPQHoNswKiULMUQPaE+4UawJ09rFUeXR+1OWIWnDopjqGKiBvb22IhY7NeC1wgFrXJt/8P/4A==",
      "cpu": [
        "arm64"
      ],
      "optional": true,
      "os": [
        "darwin"
      ]
    },
    "node_modules/@grafbase/cli-x86_64-apple-darwin": {
      "version": "0.22.0",
      "resolved": "https://registry.npmjs.org/@grafbase/cli-x86_64-apple-darwin/-/cli-x86_64-apple-darwin-0.22.0.tgz",
      "integrity": "sha512-oRrxHWYJaxn3qlQNeBtiWeMOUpEFw9pmusuCkcJZRNFjRDKbIyqHy7RtWaPkXO49fsSCkfmafVkGBbZG4daPoA==",
      "cpu": [
        "x64"
      ],
      "optional": true,
      "os": [
        "darwin"
      ]
    },
    "node_modules/@grafbase/cli-x86_64-pc-windows-msvc": {
      "version": "0.22.0",
      "resolved": "https://registry.npmjs.org/@grafbase/cli-x86_64-pc-windows-msvc/-/cli-x86_64-pc-windows-msvc-0.22.0.tgz",
      "integrity": "sha512-2O0wWujnkkm5++SH4Xy9aOZb4IrRmxFAHq7FfKZA0IiE1OTtlblHiZX2azRtrtYEYbV5/v1AqL6VdXIImg3vYw==",
      "cpu": [
        "x64"
      ],
      "optional": true,
      "os": [
        "win32"
      ]
    },
    "node_modules/@grafbase/cli-x86_64-unknown-linux-musl": {
      "version": "0.22.0",
      "resolved": "https://registry.npmjs.org/@grafbase/cli-x86_64-unknown-linux-musl/-/cli-x86_64-unknown-linux-musl-0.22.0.tgz",
      "integrity": "sha512-2G5bVy4wsKJIPcIkTJrNNpJjFm3uqRPb1DBmnTiBuaN4Xm8mxYQE3TMBVZGoJv62fhR6Sg1NS2zVD7WiVsE92w==",
      "cpu": [
        "x64"
      ],
      "optional": true,
      "os": [
        "linux"
      ]
    },
    "node_modules/grafbase": {
      "version": "0.22.0",
      "resolved": "https://registry.npmjs.org/grafbase/-/grafbase-0.22.0.tgz",
      "integrity": "sha512-1UuezkcEgXb2gymIYId1GDOyp7SuMjdEZ3Bd5Lq29iP1ejprMhZKFJkU/gDgSnpDe0KAsB/4T0fcy3I52XfkQQ==",
      "hasInstallScript": true,
      "bin": {
        "gb": "grafbase",
        "grafbase": "grafbase"
      },
      "optionalDependencies": {
        "@grafbase/cli-aarch64-apple-darwin": "^0.22.0",
        "@grafbase/cli-x86_64-apple-darwin": "^0.22.0",
        "@grafbase/cli-x86_64-pc-windows-msvc": "^0.22.0",
        "@grafbase/cli-x86_64-unknown-linux-musl": "^0.22.0"
      }
    }
  }
}
