{
  "name": "grafbase-example-nextjs",
  "lockfileVersion": 3,
  "requires": true,
  "packages": {
    "": {
      "dependencies": {
        "grafbase": "^0.28.2"
      }
    },
    "node_modules/@grafbase/cli-aarch64-apple-darwin": {
      "version": "0.28.2",
      "resolved": "https://registry.npmjs.org/@grafbase/cli-aarch64-apple-darwin/-/cli-aarch64-apple-darwin-0.28.2.tgz",
      "integrity": "sha512-dcSNDTYTCLTlTc5W9bvOCURiIrbwGoPNmQc6ES3+YIrrercduDn7j0XSpaXfjpVu9tj32UXWDvAmO5JDGBX5+w==",
      "cpu": [
        "arm64"
      ],
      "optional": true,
      "os": [
        "darwin"
      ]
    },
    "node_modules/@grafbase/cli-aarch64-unknown-linux-musl": {
      "version": "0.28.2",
      "resolved": "https://registry.npmjs.org/@grafbase/cli-aarch64-unknown-linux-musl/-/cli-aarch64-unknown-linux-musl-0.28.2.tgz",
      "integrity": "sha512-KRJJqYm618aAVRr7rmqzUpZlV6XU9dS0Bph1eHwq7MKvTwbF8EAd8Yw9Bn/Z1LfFtlTjYbZOQVE/qNATqdmgbA==",
      "cpu": [
        "arm64"
      ],
      "optional": true,
      "os": [
        "linux"
      ]
    },
    "node_modules/@grafbase/cli-x86_64-apple-darwin": {
      "version": "0.28.2",
      "resolved": "https://registry.npmjs.org/@grafbase/cli-x86_64-apple-darwin/-/cli-x86_64-apple-darwin-0.28.2.tgz",
      "integrity": "sha512-vZt30PSzNio+ZqnstfNLck+E7exTCP+a7uwWwNetkD+Ns0G0sfYQQotjIdi8xCSle7bdbJEwMJlYUFobK5ElLQ==",
      "cpu": [
        "x64"
      ],
      "optional": true,
      "os": [
        "darwin"
      ]
    },
    "node_modules/@grafbase/cli-x86_64-pc-windows-msvc": {
      "version": "0.28.2",
      "resolved": "https://registry.npmjs.org/@grafbase/cli-x86_64-pc-windows-msvc/-/cli-x86_64-pc-windows-msvc-0.28.2.tgz",
      "integrity": "sha512-yBEH1m4cUOEBKlKn1sKZL4By6RFNDSulliUlgAy8MWGmB7pLLQv14j3kwI3mNpTVGZGrrtm3SGeH48OQWYxm7Q==",
      "cpu": [
        "x64"
      ],
      "optional": true,
      "os": [
        "win32"
      ]
    },
    "node_modules/@grafbase/cli-x86_64-unknown-linux-musl": {
      "version": "0.28.2",
      "resolved": "https://registry.npmjs.org/@grafbase/cli-x86_64-unknown-linux-musl/-/cli-x86_64-unknown-linux-musl-0.28.2.tgz",
      "integrity": "sha512-MBKX5wodHLDbGW9LCvbBhUok0DQZCDGWysHIdgdtc5TaFoxHV9+HTIdR5xEIKangELn41VzNCsZplC8cWzcRjg==",
      "cpu": [
        "x64"
      ],
      "optional": true,
      "os": [
        "linux"
      ]
    },
    "node_modules/grafbase": {
      "version": "0.28.2",
      "resolved": "https://registry.npmjs.org/grafbase/-/grafbase-0.28.2.tgz",
      "integrity": "sha512-jhJL4mzXUitBJHBnaK3SPgqJ9jp2hoEnG48ZQH6dChj/yRRza+9NCOi3Yqekgi8fb7R9ehazeApv3aDK/BObOQ==",
      "hasInstallScript": true,
      "bin": {
        "gb": "grafbase",
        "grafbase": "grafbase"
      },
      "optionalDependencies": {
        "@grafbase/cli-aarch64-apple-darwin": "^0.28.2",
        "@grafbase/cli-aarch64-unknown-linux-musl": "^0.28.2",
        "@grafbase/cli-x86_64-apple-darwin": "^0.28.2",
        "@grafbase/cli-x86_64-pc-windows-msvc": "^0.28.2",
        "@grafbase/cli-x86_64-unknown-linux-musl": "^0.28.2"
      }
    }
  }
}
