# THIS IS AN AUTOGENERATED FILE. DO NOT EDIT THIS FILE DIRECTLY.
# yarn lockfile v1


"@grafbase/cli-aarch64-apple-darwin@^0.56.0":
  version "0.56.0"
  resolved "https://registry.npmjs.org/@grafbase/cli-aarch64-apple-darwin/-/cli-aarch64-apple-darwin-0.56.0.tgz"
  integrity sha512-uK2IPG1aBd765BhmgR97/63dCV2kK+FHklN3QFHySaswOLIpSNsjh9Iy5cRHkpMVsYAz/Xl+RupSIOTnsBxP6g==

"@grafbase/sdk@^0.17.0":
  version "0.17.0"
  resolved "https://registry.npmjs.org/@grafbase/sdk/-/sdk-0.17.0.tgz"
  integrity sha512-3XJAwGFIeaU4TcoTzxjbRnyBPBVQ0jv+/lcrF8y0UM0j+95JfOgnvg7B3CVam9E+vqP1Env02v3QRc/vqwMmPA==
  dependencies:
    dotenv "^16.1.4"
    type-fest "^4.0.0"

dotenv@^16.1.4:
  version "16.4.4"
  resolved "https://registry.npmjs.org/dotenv/-/dotenv-16.4.4.tgz"
  integrity sha512-XvPXc8XAQThSjAbY6cQ/9PcBXmFoWuw1sQ3b8HqUCR6ziGXjkTi//kB9SWa2UwqlgdAIuRqAa/9hVljzPehbYg==

grafbase@^0.56.0:
  version "0.56.0"
  resolved "https://registry.npmjs.org/grafbase/-/grafbase-0.56.0.tgz"
  integrity sha512-xM0TzR8LCINXb74JEnKVyBV7HRfxMaUdof//yRTvOvquqSlmNDKK2OlM80U1N2Rfc1HSbo6mJisa4Gn46BqgEA==
  optionalDependencies:
    "@grafbase/cli-aarch64-apple-darwin" "^0.56.0"
    "@grafbase/cli-aarch64-unknown-linux-musl" "^0.56.0"
    "@grafbase/cli-x86_64-apple-darwin" "^0.56.0"
    "@grafbase/cli-x86_64-pc-windows-msvc" "0.53.0"
    "@grafbase/cli-x86_64-unknown-linux-musl" "^0.56.0"

type-fest@^4.0.0:
  version "4.10.2"
  resolved "https://registry.npmjs.org/type-fest/-/type-fest-4.10.2.tgz"
  integrity sha512-anpAG63wSpdEbLwOqH8L84urkL6PiVIov3EMmgIhhThevh9aiMQov+6Btx0wldNcvm4wV+e2/Rt1QdDwKHFbHw==
