# THIS IS AN AUTOGENERATED FILE. DO NOT EDIT THIS FILE DIRECTLY.
# yarn lockfile v1


"@grafbase/cli-aarch64-apple-darwin@^0.67.3":
  version "0.67.3"
  resolved "https://registry.npmjs.org/@grafbase/cli-aarch64-apple-darwin/-/cli-aarch64-apple-darwin-0.67.3.tgz"
  integrity sha512-0p+l7wIJTpA1ZA5xo9iz4HNBtgM4u/g3JnAO35kvxOoLKDrBX28bNdQbFfDdK/cbs+KnLnVwMGZUR2EZTKXClQ==

"@grafbase/sdk@^0.20.0":
  version "0.20.0"
  resolved "https://registry.npmjs.org/@grafbase/sdk/-/sdk-0.20.0.tgz"
  integrity sha512-g/lDo/fKPyJjBuJGQqLUTgsiIRMX9nk3Dl4dAJWb9fsE3czeLQkqoh+J5Ue5ZK6YDmki4PE4XAwvAPv2RmKfhA==
  dependencies:
    dotenv "^16.1.4"
    type-fest "^4.0.0"

dotenv@^16.1.4:
  version "16.4.4"
  resolved "https://registry.npmjs.org/dotenv/-/dotenv-16.4.4.tgz"
  integrity sha512-XvPXc8XAQThSjAbY6cQ/9PcBXmFoWuw1sQ3b8HqUCR6ziGXjkTi//kB9SWa2UwqlgdAIuRqAa/9hVljzPehbYg==

grafbase@^0.67.3:
  version "0.67.3"
  resolved "https://registry.npmjs.org/grafbase/-/grafbase-0.67.3.tgz"
  integrity sha512-imnX9XbjQsszNpUkp7V4ozTsMksll4Og/Yhi39PYeeuxoDAmTvhlSHVycKw85XvI6P7XKcZLegUB1ehEdoUBVQ==
  optionalDependencies:
    "@grafbase/cli-aarch64-apple-darwin" "^0.67.3"
    "@grafbase/cli-aarch64-unknown-linux-musl" "^0.67.3"
    "@grafbase/cli-x86_64-apple-darwin" "^0.67.3"
    "@grafbase/cli-x86_64-pc-windows-msvc" "^0.67.3"
    "@grafbase/cli-x86_64-unknown-linux-musl" "^0.67.3"

type-fest@^4.0.0:
  version "4.10.2"
  resolved "https://registry.npmjs.org/type-fest/-/type-fest-4.10.2.tgz"
  integrity sha512-anpAG63wSpdEbLwOqH8L84urkL6PiVIov3EMmgIhhThevh9aiMQov+6Btx0wldNcvm4wV+e2/Rt1QdDwKHFbHw==
