# THIS IS AN AUTOGENERATED FILE. DO NOT EDIT THIS FILE DIRECTLY.
# yarn lockfile v1


"@grafbase/cli-aarch64-apple-darwin@^0.28.2":
  version "0.28.2"
  resolved "https://registry.npmjs.org/@grafbase/cli-aarch64-apple-darwin/-/cli-aarch64-apple-darwin-0.28.2.tgz"
  integrity sha512-dcSNDTYTCLTlTc5W9bvOCURiIrbwGoPNmQc6ES3+YIrrercduDn7j0XSpaXfjpVu9tj32UXWDvAmO5JDGBX5+w==

grafbase@^0.28.2:
  version "0.28.2"
  resolved "https://registry.npmjs.org/grafbase/-/grafbase-0.28.2.tgz"
  integrity sha512-jhJL4mzXUitBJHBnaK3SPgqJ9jp2hoEnG48ZQH6dChj/yRRza+9NCOi3Yqekgi8fb7R9ehazeApv3aDK/BObOQ==
  optionalDependencies:
    "@grafbase/cli-aarch64-apple-darwin" "^0.28.2"
    "@grafbase/cli-aarch64-unknown-linux-musl" "^0.28.2"
    "@grafbase/cli-x86_64-apple-darwin" "^0.28.2"
    "@grafbase/cli-x86_64-pc-windows-msvc" "^0.28.2"
    "@grafbase/cli-x86_64-unknown-linux-musl" "^0.28.2"
